
Microsoft Visual Studio Solution File, Format Version 12.00
# Visual Studio Version 17
VisualStudioVersion = 17.10.34916.146
MinimumVisualStudioVersion = 10.0.40219.1
Project("{FAE04EC0-301F-11D3-BF4B-00C04F79EFBC}") = "Data Conversor App", "Data Conversor App\Data Conversor App.csproj", "{ABBE2E8A-87F9-4210-A037-0848003B4765}"
EndProject
Global
	GlobalSection(SolutionConfigurationPlatforms) = preSolution
		Debug|Any CPU = Debug|Any CPU
		Release|Any CPU = Release|Any CPU
	EndGlobalSection
	GlobalSection(ProjectConfigurationPlatforms) = postSolution
		{ABBE2E8A-87F9-4210-A037-0848003B4765}.Debug|Any CPU.ActiveCfg = Debug|Any CPU
		{ABBE2E8A-87F9-4210-A037-0848003B4765}.Debug|Any CPU.Build.0 = Debug|Any CPU
		{ABBE2E8A-87F9-4210-A037-0848003B4765}.Release|Any CPU.ActiveCfg = Release|Any CPU
		{ABBE2E8A-87F9-4210-A037-0848003B4765}.Release|Any CPU.Build.0 = Release|Any CPU
	EndGlobalSection
	GlobalSection(SolutionProperties) = preSolution
		HideSolutionNode = FALSE
	EndGlobalSection
	GlobalSection(ExtensibilityGlobals) = postSolution
		SolutionGuid = {D5D047F9-BA69-4C16-89FC-C87B152DA676}
	EndGlobalSection
EndGlobal
